// !$*UTF8*$!
{
	archiveVersion = 1;
	classes = {
	};
	objectVersion = 50;
	objects = {

/* Begin PBXBuildFile section */
		7D006AAF22B231E000842198 /* Easy_141_环形链表.c in Sources */ = {isa = PBXBuildFile; fileRef = 7D006AAE22B231E000842198 /* Easy_141_环形链表.c */; };
		7D00AAA5230E8D320041151E /* Middle_98_验证二叉搜索树.c in Sources */ = {isa = PBXBuildFile; fileRef = 7D00AAA4230E8D320041151E /* Middle_98_验证二叉搜索树.c */; };
		7D019059228A63B200D4DA2E /* Easy_242_有效的字母异位词.c in Sources */ = {isa = PBXBuildFile; fileRef = 7D019058228A63B200D4DA2E /* Easy_242_有效的字母异位词.c */; };
		7D0312392285228C005F1EA2 /* Easy_344_反转字符串.c in Sources */ = {isa = PBXBuildFile; fileRef = 7D0312382285228C005F1EA2 /* Easy_344_反转字符串.c */; };
		7D03123B2285506E005F1EA2 /* Easy_7_整数反转.c in Sources */ = {isa = PBXBuildFile; fileRef = 7D03123A2285506E005F1EA2 /* Easy_7_整数反转.c */; };
		7D048E8D229B7CDC0088DDFE /* Easy_237_删除链表中的节点.c in Sources */ = {isa = PBXBuildFile; fileRef = 7D048E8C229B7CDC0088DDFE /* Easy_237_删除链表中的节点.c */; };
		7D048E8F229BB8EA0088DDFE /* Easy_19_删除链表的倒数第N个节点.c in Sources */ = {isa = PBXBuildFile; fileRef = 7D048E8E229BB8EA0088DDFE /* Easy_19_删除链表的倒数第N个节点.c */; };
		7D048E91229CC6A60088DDFE /* Easy_206_反转链表.c in Sources */ = {isa = PBXBuildFile; fileRef = 7D048E90229CC6A60088DDFE /* Easy_206_反转链表.c */; };
		7D048E93229D2C360088DDFE /* Middle_92_反转链表2.c in Sources */ = {isa = PBXBuildFile; fileRef = 7D048E92229D2C360088DDFE /* Middle_92_反转链表2.c */; };
		7D0749C823155180007C0392 /* Easy_101_对称二叉树.c in Sources */ = {isa = PBXBuildFile; fileRef = 7D0749C723155180007C0392 /* Easy_101_对称二叉树.c */; };
		7D07EC542265BD90008D010D /* main.c in Sources */ = {isa = PBXBuildFile; fileRef = 7D07EC532265BD90008D010D /* main.c */; };
		7D0E09AB22A7B555006FB7EC /* Easy_234_回文链表.c in Sources */ = {isa = PBXBuildFile; fileRef = 7D0E09AA22A7B555006FB7EC /* Easy_234_回文链表.c */; };
		7D1B2A4B2417251F004EC8F8 /* Easy_543_二叉树的直径.c in Sources */ = {isa = PBXBuildFile; fileRef = 7D1B2A4A2417251F004EC8F8 /* Easy_543_二叉树的直径.c */; };
		7D1BDA792404AC600012F231 /* Easy_88_合并两个有序数组.c in Sources */ = {isa = PBXBuildFile; fileRef = 7D1BDA782404AC600012F231 /* Easy_88_合并两个有序数组.c */; };
		7D1D3D6B240F34C800638206 /* Easy_204_计数质数.c in Sources */ = {isa = PBXBuildFile; fileRef = 7D1D3D6A240F34C800638206 /* Easy_204_计数质数.c */; };
		7D1D3D6D240F383300638206 /* Easy_326_3的幂.c in Sources */ = {isa = PBXBuildFile; fileRef = 7D1D3D6C240F383300638206 /* Easy_326_3的幂.c */; };
		7D1D406C240DE2A500F2FD97 /* Easy_155_最小栈.c in Sources */ = {isa = PBXBuildFile; fileRef = 7D1D406B240DE2A500F2FD97 /* Easy_155_最小栈.c */; };
		7D1DBADF24074FC700BF848F /* Easy_70_爬楼梯.c in Sources */ = {isa = PBXBuildFile; fileRef = 7D1DBADE24074FC700BF848F /* Easy_70_爬楼梯.c */; };
		7D1DBAE12407989300BF848F /* Easy_53_最大子序和.c in Sources */ = {isa = PBXBuildFile; fileRef = 7D1DBAE02407989300BF848F /* Easy_53_最大子序和.c */; };
		7D20504E2403A614009972DD /* Easy_108_将有序数组转换为二叉搜索树.c in Sources */ = {isa = PBXBuildFile; fileRef = 7D20504D2403A614009972DD /* Easy_108_将有序数组转换为二叉搜索树.c */; };
		7D43200722A1045700253FAC /* Easy_21_合并两个有序链表.c in Sources */ = {isa = PBXBuildFile; fileRef = 7D43200622A1045700253FAC /* Easy_21_合并两个有序链表.c */; };
		7D4B17E822B735F800AE2DDD /* Easy_104_二叉树的最大深度.c in Sources */ = {isa = PBXBuildFile; fileRef = 7D4B17E722B735F800AE2DDD /* Easy_104_二叉树的最大深度.c */; };
		7D9FAFBE22967CA100A4230E /* Easy_14_最长公共前缀.c in Sources */ = {isa = PBXBuildFile; fileRef = 7D9FAFBD22967CA100A4230E /* Easy_14_最长公共前缀.c */; };
		7DFC44EE227EDA6700EC1D81 /* Easy_283_移动零.c in Sources */ = {isa = PBXBuildFile; fileRef = 7DFC44ED227EDA6700EC1D81 /* Easy_283_移动零.c */; };
		7DFC689122811AE2002DFE97 /* Middle_36_有效的数独.c in Sources */ = {isa = PBXBuildFile; fileRef = 7DFC689022811AE2002DFE97 /* Middle_36_有效的数独.c */; };
		7DFE23FE228D00AE0042028F /* Easy_8_字符串转换整数.c in Sources */ = {isa = PBXBuildFile; fileRef = 7DFE23FD228D00AE0042028F /* Easy_8_字符串转换整数.c */; };
		7DFE2400228D05920042028F /* Easy_28_实现strStr().c in Sources */ = {isa = PBXBuildFile; fileRef = 7DFE23FF228D05920042028F /* Easy_28_实现strStr().c */; };
		7DFF9067228004EE000BF680 /* Easy_1_两数之和.c in Sources */ = {isa = PBXBuildFile; fileRef = 7DFF9066228004EE000BF680 /* Easy_1_两数之和.c */; };
		7DFF9A72231771DD006BB833 /* Middle_102_层次遍历.c in Sources */ = {isa = PBXBuildFile; fileRef = 7DFF9A71231771DD006BB833 /* Middle_102_层次遍历.c */; };
		7DFFE8AB228947AF00F6E31A /* Easy_387_字符串中的第一个唯一字符.c in Sources */ = {isa = PBXBuildFile; fileRef = 7DFFE8AA228947AF00F6E31A /* Easy_387_字符串中的第一个唯一字符.c */; };
/* End PBXBuildFile section */

/* Begin PBXCopyFilesBuildPhase section */
		7D07EC4E2265BD90008D010D /* CopyFiles */ = {
			isa = PBXCopyFilesBuildPhase;
			buildActionMask = 2147483647;
			dstPath = /usr/share/man/man1/;
			dstSubfolderSpec = 0;
			files = (
			);
			runOnlyForDeploymentPostprocessing = 1;
		};
/* End PBXCopyFilesBuildPhase section */

/* Begin PBXFileReference section */
		7D006AAE22B231E000842198 /* Easy_141_环形链表.c */ = {isa = PBXFileReference; lastKnownFileType = sourcecode.c.c; path = "Easy_141_环形链表.c"; sourceTree = "<group>"; };
		7D00AAA4230E8D320041151E /* Middle_98_验证二叉搜索树.c */ = {isa = PBXFileReference; lastKnownFileType = sourcecode.c.c; path = "Middle_98_验证二叉搜索树.c"; sourceTree = "<group>"; };
		7D019058228A63B200D4DA2E /* Easy_242_有效的字母异位词.c */ = {isa = PBXFileReference; lastKnownFileType = sourcecode.c.c; path = "Easy_242_有效的字母异位词.c"; sourceTree = "<group>"; };
		7D019098228BAD7300D4DA2E /* Easy_125_验证回文串.c */ = {isa = PBXFileReference; lastKnownFileType = sourcecode.c.c; path = "Easy_125_验证回文串.c"; sourceTree = "<group>"; };
		7D0312382285228C005F1EA2 /* Easy_344_反转字符串.c */ = {isa = PBXFileReference; lastKnownFileType = sourcecode.c.c; path = "Easy_344_反转字符串.c"; sourceTree = "<group>"; };
		7D03123A2285506E005F1EA2 /* Easy_7_整数反转.c */ = {isa = PBXFileReference; lastKnownFileType = sourcecode.c.c; path = "Easy_7_整数反转.c"; sourceTree = "<group>"; };
		7D048ADC226EE2CB0046354C /* Easy_136_只出现一次的数字.c */ = {isa = PBXFileReference; lastKnownFileType = sourcecode.c.c; path = "Easy_136_只出现一次的数字.c"; sourceTree = "<group>"; };
		7D048E8C229B7CDC0088DDFE /* Easy_237_删除链表中的节点.c */ = {isa = PBXFileReference; lastKnownFileType = sourcecode.c.c; path = "Easy_237_删除链表中的节点.c"; sourceTree = "<group>"; };
		7D048E8E229BB8EA0088DDFE /* Easy_19_删除链表的倒数第N个节点.c */ = {isa = PBXFileReference; lastKnownFileType = sourcecode.c.c; path = "Easy_19_删除链表的倒数第N个节点.c"; sourceTree = "<group>"; };
		7D048E90229CC6A60088DDFE /* Easy_206_反转链表.c */ = {isa = PBXFileReference; lastKnownFileType = sourcecode.c.c; path = "Easy_206_反转链表.c"; sourceTree = "<group>"; };
		7D048E92229D2C360088DDFE /* Middle_92_反转链表2.c */ = {isa = PBXFileReference; lastKnownFileType = sourcecode.c.c; path = "Middle_92_反转链表2.c"; sourceTree = "<group>"; };
		7D0749C723155180007C0392 /* Easy_101_对称二叉树.c */ = {isa = PBXFileReference; lastKnownFileType = sourcecode.c.c; path = "Easy_101_对称二叉树.c"; sourceTree = "<group>"; };
		7D07EC502265BD90008D010D /* LeetCode_C */ = {isa = PBXFileReference; explicitFileType = "compiled.mach-o.executable"; includeInIndex = 0; path = LeetCode_C; sourceTree = BUILT_PRODUCTS_DIR; };
		7D07EC532265BD90008D010D /* main.c */ = {isa = PBXFileReference; lastKnownFileType = sourcecode.c.c; path = main.c; sourceTree = "<group>"; };
		7D07EC5B2265BDAA008D010D /* Easy_121_股票.c */ = {isa = PBXFileReference; lastKnownFileType = sourcecode.c.c; path = "Easy_121_股票.c"; sourceTree = "<group>"; };
		7D07EC5F2265C6EE008D010D /* Easy_122_股票2.c */ = {isa = PBXFileReference; lastKnownFileType = sourcecode.c.c; path = "Easy_122_股票2.c"; sourceTree = "<group>"; };
		7D0E09AA22A7B555006FB7EC /* Easy_234_回文链表.c */ = {isa = PBXFileReference; lastKnownFileType = sourcecode.c.c; path = "Easy_234_回文链表.c"; sourceTree = "<group>"; };
		7D1B2A4A2417251F004EC8F8 /* Easy_543_二叉树的直径.c */ = {isa = PBXFileReference; lastKnownFileType = sourcecode.c.c; path = "Easy_543_二叉树的直径.c"; sourceTree = "<group>"; };
		7D1BDA782404AC600012F231 /* Easy_88_合并两个有序数组.c */ = {isa = PBXFileReference; lastKnownFileType = sourcecode.c.c; path = "Easy_88_合并两个有序数组.c"; sourceTree = "<group>"; };
		7D1D3D6A240F34C800638206 /* Easy_204_计数质数.c */ = {isa = PBXFileReference; lastKnownFileType = sourcecode.c.c; path = "Easy_204_计数质数.c"; sourceTree = "<group>"; };
		7D1D3D6C240F383300638206 /* Easy_326_3的幂.c */ = {isa = PBXFileReference; lastKnownFileType = sourcecode.c.c; path = "Easy_326_3的幂.c"; sourceTree = "<group>"; };
		7D1D406B240DE2A500F2FD97 /* Easy_155_最小栈.c */ = {isa = PBXFileReference; lastKnownFileType = sourcecode.c.c; path = "Easy_155_最小栈.c"; sourceTree = "<group>"; };
		7D1DBADE24074FC700BF848F /* Easy_70_爬楼梯.c */ = {isa = PBXFileReference; lastKnownFileType = sourcecode.c.c; path = "Easy_70_爬楼梯.c"; sourceTree = "<group>"; };
		7D1DBAE02407989300BF848F /* Easy_53_最大子序和.c */ = {isa = PBXFileReference; lastKnownFileType = sourcecode.c.c; path = "Easy_53_最大子序和.c"; sourceTree = "<group>"; };
		7D20504D2403A614009972DD /* Easy_108_将有序数组转换为二叉搜索树.c */ = {isa = PBXFileReference; lastKnownFileType = sourcecode.c.c; path = "Easy_108_将有序数组转换为二叉搜索树.c"; sourceTree = "<group>"; };
		7D43200622A1045700253FAC /* Easy_21_合并两个有序链表.c */ = {isa = PBXFileReference; lastKnownFileType = sourcecode.c.c; path = "Easy_21_合并两个有序链表.c"; sourceTree = "<group>"; };
		7D4B17E722B735F800AE2DDD /* Easy_104_二叉树的最大深度.c */ = {isa = PBXFileReference; lastKnownFileType = sourcecode.c.c; path = "Easy_104_二叉树的最大深度.c"; sourceTree = "<group>"; };
		7D4D06032271D2650064488C /* Middle_137_只出现一次的数字2.c */ = {isa = PBXFileReference; lastKnownFileType = sourcecode.c.c; path = "Middle_137_只出现一次的数字2.c"; sourceTree = "<group>"; };
		7D4D06052271D5AB0064488C /* Easy_349_两个数组的交集.c */ = {isa = PBXFileReference; lastKnownFileType = sourcecode.c.c; path = "Easy_349_两个数组的交集.c"; sourceTree = "<group>"; };
		7D9FAFBD22967CA100A4230E /* Easy_14_最长公共前缀.c */ = {isa = PBXFileReference; lastKnownFileType = sourcecode.c.c; path = "Easy_14_最长公共前缀.c"; sourceTree = "<group>"; };
		7DF8ADA522759FDC00281130 /* Easy_350_两个数组的交集2.c */ = {isa = PBXFileReference; lastKnownFileType = sourcecode.c.c; path = "Easy_350_两个数组的交集2.c"; sourceTree = "<group>"; };
		7DFC44EB227EB05000EC1D81 /* Easy_66_加一.c */ = {isa = PBXFileReference; lastKnownFileType = sourcecode.c.c; path = "Easy_66_加一.c"; sourceTree = "<group>"; };
		7DFC44ED227EDA6700EC1D81 /* Easy_283_移动零.c */ = {isa = PBXFileReference; lastKnownFileType = sourcecode.c.c; path = "Easy_283_移动零.c"; sourceTree = "<group>"; };
		7DFC58242269B774008B3A75 /* Easy_217_存在重复元素.c */ = {isa = PBXFileReference; lastKnownFileType = sourcecode.c.c; path = "Easy_217_存在重复元素.c"; sourceTree = "<group>"; };
		7DFC689022811AE2002DFE97 /* Middle_36_有效的数独.c */ = {isa = PBXFileReference; lastKnownFileType = sourcecode.c.c; path = "Middle_36_有效的数独.c"; sourceTree = "<group>"; };
		7DFC6894228271CA002DFE97 /* Middle_48_旋转图像.c */ = {isa = PBXFileReference; lastKnownFileType = sourcecode.c.c; path = "Middle_48_旋转图像.c"; sourceTree = "<group>"; };
		7DFD43E8226817840093CEA5 /* Easy_189_旋转数组.c */ = {isa = PBXFileReference; lastKnownFileType = sourcecode.c.c; path = "Easy_189_旋转数组.c"; sourceTree = "<group>"; };
		7DFE23FD228D00AE0042028F /* Easy_8_字符串转换整数.c */ = {isa = PBXFileReference; lastKnownFileType = sourcecode.c.c; path = "Easy_8_字符串转换整数.c"; sourceTree = "<group>"; };
		7DFE23FF228D05920042028F /* Easy_28_实现strStr().c */ = {isa = PBXFileReference; lastKnownFileType = sourcecode.c.c; path = "Easy_28_实现strStr().c"; sourceTree = "<group>"; };
		7DFF9066228004EE000BF680 /* Easy_1_两数之和.c */ = {isa = PBXFileReference; lastKnownFileType = sourcecode.c.c; path = "Easy_1_两数之和.c"; sourceTree = "<group>"; };
		7DFF906A22801646000BF680 /* utlist.h */ = {isa = PBXFileReference; fileEncoding = 4; lastKnownFileType = sourcecode.c.h; path = utlist.h; sourceTree = "<group>"; };
		7DFF906B22801646000BF680 /* utstack.h */ = {isa = PBXFileReference; fileEncoding = 4; lastKnownFileType = sourcecode.c.h; path = utstack.h; sourceTree = "<group>"; };
		7DFF906C22801646000BF680 /* utarray.h */ = {isa = PBXFileReference; fileEncoding = 4; lastKnownFileType = sourcecode.c.h; path = utarray.h; sourceTree = "<group>"; };
		7DFF906D22801646000BF680 /* utringbuffer.h */ = {isa = PBXFileReference; fileEncoding = 4; lastKnownFileType = sourcecode.c.h; path = utringbuffer.h; sourceTree = "<group>"; };
		7DFF906E22801646000BF680 /* uthash.h */ = {isa = PBXFileReference; fileEncoding = 4; lastKnownFileType = sourcecode.c.h; path = uthash.h; sourceTree = "<group>"; };
		7DFF906F22801646000BF680 /* utstring.h */ = {isa = PBXFileReference; fileEncoding = 4; lastKnownFileType = sourcecode.c.h; path = utstring.h; sourceTree = "<group>"; };
		7DFF9A71231771DD006BB833 /* Middle_102_层次遍历.c */ = {isa = PBXFileReference; lastKnownFileType = sourcecode.c.c; path = "Middle_102_层次遍历.c"; sourceTree = "<group>"; };
		7DFFE8AA228947AF00F6E31A /* Easy_387_字符串中的第一个唯一字符.c */ = {isa = PBXFileReference; lastKnownFileType = sourcecode.c.c; path = "Easy_387_字符串中的第一个唯一字符.c"; sourceTree = "<group>"; };
/* End PBXFileReference section */

/* Begin PBXFrameworksBuildPhase section */
		7D07EC4D2265BD90008D010D /* Frameworks */ = {
			isa = PBXFrameworksBuildPhase;
			buildActionMask = 2147483647;
			files = (
			);
			runOnlyForDeploymentPostprocessing = 0;
		};
/* End PBXFrameworksBuildPhase section */

/* Begin PBXGroup section */
		7D07EC472265BD90008D010D = {
			isa = PBXGroup;
			children = (
				7D07EC522265BD90008D010D /* LeetCode_C */,
				7D07EC512265BD90008D010D /* Products */,
			);
			sourceTree = "<group>";
		};
		7D07EC512265BD90008D010D /* Products */ = {
			isa = PBXGroup;
			children = (
				7D07EC502265BD90008D010D /* LeetCode_C */,
			);
			name = Products;
			sourceTree = "<group>";
		};
		7D07EC522265BD90008D010D /* LeetCode_C */ = {
			isa = PBXGroup;
			children = (
				7D07EC5A2265BDAA008D010D /* Easy */,
				7DFF906822801184000BF680 /* Middle */,
			);
			path = LeetCode_C;
			sourceTree = "<group>";
		};
		7D07EC5A2265BDAA008D010D /* Easy */ = {
			isa = PBXGroup;
			children = (
				7DFF9070228016D6000BF680 /* hash */,
				7D07EC532265BD90008D010D /* main.c */,
				7D07EC5B2265BDAA008D010D /* Easy_121_股票.c */,
				7D07EC5F2265C6EE008D010D /* Easy_122_股票2.c */,
				7DFD43E8226817840093CEA5 /* Easy_189_旋转数组.c */,
				7DFC58242269B774008B3A75 /* Easy_217_存在重复元素.c */,
				7D048ADC226EE2CB0046354C /* Easy_136_只出现一次的数字.c */,
				7D4D06052271D5AB0064488C /* Easy_349_两个数组的交集.c */,
				7DF8ADA522759FDC00281130 /* Easy_350_两个数组的交集2.c */,
				7DFC44EB227EB05000EC1D81 /* Easy_66_加一.c */,
				7DFC44ED227EDA6700EC1D81 /* Easy_283_移动零.c */,
				7DFF9066228004EE000BF680 /* Easy_1_两数之和.c */,
				7D0312382285228C005F1EA2 /* Easy_344_反转字符串.c */,
				7D03123A2285506E005F1EA2 /* Easy_7_整数反转.c */,
				7DFFE8AA228947AF00F6E31A /* Easy_387_字符串中的第一个唯一字符.c */,
				7D019058228A63B200D4DA2E /* Easy_242_有效的字母异位词.c */,
				7D019098228BAD7300D4DA2E /* Easy_125_验证回文串.c */,
				7DFE23FD228D00AE0042028F /* Easy_8_字符串转换整数.c */,
				7DFE23FF228D05920042028F /* Easy_28_实现strStr().c */,
				7D9FAFBD22967CA100A4230E /* Easy_14_最长公共前缀.c */,
				7D048E8C229B7CDC0088DDFE /* Easy_237_删除链表中的节点.c */,
				7D048E8E229BB8EA0088DDFE /* Easy_19_删除链表的倒数第N个节点.c */,
				7D048E90229CC6A60088DDFE /* Easy_206_反转链表.c */,
				7D43200622A1045700253FAC /* Easy_21_合并两个有序链表.c */,
				7D0E09AA22A7B555006FB7EC /* Easy_234_回文链表.c */,
				7D006AAE22B231E000842198 /* Easy_141_环形链表.c */,
				7D0749C723155180007C0392 /* Easy_101_对称二叉树.c */,
				7D4B17E722B735F800AE2DDD /* Easy_104_二叉树的最大深度.c */,
				7D20504D2403A614009972DD /* Easy_108_将有序数组转换为二叉搜索树.c */,
				7D1BDA782404AC600012F231 /* Easy_88_合并两个有序数组.c */,
				7D1DBADE24074FC700BF848F /* Easy_70_爬楼梯.c */,
				7D1DBAE02407989300BF848F /* Easy_53_最大子序和.c */,
				7D1D406B240DE2A500F2FD97 /* Easy_155_最小栈.c */,
				7D1D3D6A240F34C800638206 /* Easy_204_计数质数.c */,
				7D1D3D6C240F383300638206 /* Easy_326_3的幂.c */,
				7D1B2A4A2417251F004EC8F8 /* Easy_543_二叉树的直径.c */,
			);
			path = Easy;
			sourceTree = "<group>";
		};
		7DFF906822801184000BF680 /* Middle */ = {
			isa = PBXGroup;
			children = (
				7D4D06032271D2650064488C /* Middle_137_只出现一次的数字2.c */,
				7DFC689022811AE2002DFE97 /* Middle_36_有效的数独.c */,
				7DFC6894228271CA002DFE97 /* Middle_48_旋转图像.c */,
				7D048E92229D2C360088DDFE /* Middle_92_反转链表2.c */,
				7D00AAA4230E8D320041151E /* Middle_98_验证二叉搜索树.c */,
				7DFF9A71231771DD006BB833 /* Middle_102_层次遍历.c */,
			);
			path = Middle;
			sourceTree = "<group>";
		};
		7DFF9070228016D6000BF680 /* hash */ = {
			isa = PBXGroup;
			children = (
				7DFF906A22801646000BF680 /* utlist.h */,
				7DFF906B22801646000BF680 /* utstack.h */,
				7DFF906C22801646000BF680 /* utarray.h */,
				7DFF906D22801646000BF680 /* utringbuffer.h */,
				7DFF906E22801646000BF680 /* uthash.h */,
				7DFF906F22801646000BF680 /* utstring.h */,
			);
			path = hash;
			sourceTree = "<group>";
		};
/* End PBXGroup section */

/* Begin PBXNativeTarget section */
		7D07EC4F2265BD90008D010D /* LeetCode_C */ = {
			isa = PBXNativeTarget;
			buildConfigurationList = 7D07EC572265BD90008D010D /* Build configuration list for PBXNativeTarget "LeetCode_C" */;
			buildPhases = (
				7D07EC4C2265BD90008D010D /* Sources */,
				7D07EC4D2265BD90008D010D /* Frameworks */,
				7D07EC4E2265BD90008D010D /* CopyFiles */,
			);
			buildRules = (
			);
			dependencies = (
			);
			name = LeetCode_C;
			productName = LeetCode_C;
			productReference = 7D07EC502265BD90008D010D /* LeetCode_C */;
			productType = "com.apple.product-type.tool";
		};
/* End PBXNativeTarget section */

/* Begin PBXProject section */
		7D07EC482265BD90008D010D /* Project object */ = {
			isa = PBXProject;
			attributes = {
				LastUpgradeCheck = 1020;
				ORGANIZATIONNAME = qiuzijie;
				TargetAttributes = {
					7D07EC4F2265BD90008D010D = {
						CreatedOnToolsVersion = 10.2;
					};
				};
			};
			buildConfigurationList = 7D07EC4B2265BD90008D010D /* Build configuration list for PBXProject "LeetCode_C" */;
			compatibilityVersion = "Xcode 9.3";
			developmentRegion = en;
			hasScannedForEncodings = 0;
			knownRegions = (
				en,
			);
			mainGroup = 7D07EC472265BD90008D010D;
			productRefGroup = 7D07EC512265BD90008D010D /* Products */;
			projectDirPath = "";
			projectRoot = "";
			targets = (
				7D07EC4F2265BD90008D010D /* LeetCode_C */,
			);
		};
/* End PBXProject section */

/* Begin PBXSourcesBuildPhase section */
		7D07EC4C2265BD90008D010D /* Sources */ = {
			isa = PBXSourcesBuildPhase;
			buildActionMask = 2147483647;
			files = (
				7DFE2400228D05920042028F /* Easy_28_实现strStr().c in Sources */,
				7DFFE8AB228947AF00F6E31A /* Easy_387_字符串中的第一个唯一字符.c in Sources */,
				7D1DBAE12407989300BF848F /* Easy_53_最大子序和.c in Sources */,
				7D9FAFBE22967CA100A4230E /* Easy_14_最长公共前缀.c in Sources */,
				7D048E8D229B7CDC0088DDFE /* Easy_237_删除链表中的节点.c in Sources */,
				7D0749C823155180007C0392 /* Easy_101_对称二叉树.c in Sources */,
				7DFF9A72231771DD006BB833 /* Middle_102_层次遍历.c in Sources */,
				7D019059228A63B200D4DA2E /* Easy_242_有效的字母异位词.c in Sources */,
				7D006AAF22B231E000842198 /* Easy_141_环形链表.c in Sources */,
				7DFC44EE227EDA6700EC1D81 /* Easy_283_移动零.c in Sources */,
				7DFF9067228004EE000BF680 /* Easy_1_两数之和.c in Sources */,
				7D048E8F229BB8EA0088DDFE /* Easy_19_删除链表的倒数第N个节点.c in Sources */,
				7D1BDA792404AC600012F231 /* Easy_88_合并两个有序数组.c in Sources */,
				7D0312392285228C005F1EA2 /* Easy_344_反转字符串.c in Sources */,
				7D1B2A4B2417251F004EC8F8 /* Easy_543_二叉树的直径.c in Sources */,
				7D20504E2403A614009972DD /* Easy_108_将有序数组转换为二叉搜索树.c in Sources */,
				7DFE23FE228D00AE0042028F /* Easy_8_字符串转换整数.c in Sources */,
				7D1DBADF24074FC700BF848F /* Easy_70_爬楼梯.c in Sources */,
				7D00AAA5230E8D320041151E /* Middle_98_验证二叉搜索树.c in Sources */,
				7D048E93229D2C360088DDFE /* Middle_92_反转链表2.c in Sources */,
				7D1D3D6D240F383300638206 /* Easy_326_3的幂.c in Sources */,
				7D0E09AB22A7B555006FB7EC /* Easy_234_回文链表.c in Sources */,
				7D07EC542265BD90008D010D /* main.c in Sources */,
				7D1D406C240DE2A500F2FD97 /* Easy_155_最小栈.c in Sources */,
				7D4B17E822B735F800AE2DDD /* Easy_104_二叉树的最大深度.c in Sources */,
				7D1D3D6B240F34C800638206 /* Easy_204_计数质数.c in Sources */,
				7D43200722A1045700253FAC /* Easy_21_合并两个有序链表.c in Sources */,
				7D03123B2285506E005F1EA2 /* Easy_7_整数反转.c in Sources */,
				7D048E91229CC6A60088DDFE /* Easy_206_反转链表.c in Sources */,
				7DFC689122811AE2002DFE97 /* Middle_36_有效的数独.c in Sources */,
			);
			runOnlyForDeploymentPostprocessing = 0;
		};
/* End PBXSourcesBuildPhase section */

/* Begin XCBuildConfiguration section */
		7D07EC552265BD90008D010D /* Debug */ = {
			isa = XCBuildConfiguration;
			buildSettings = {
				ALWAYS_SEARCH_USER_PATHS = NO;
				CLANG_ANALYZER_NONNULL = YES;
				CLANG_ANALYZER_NUMBER_OBJECT_CONVERSION = YES_AGGRESSIVE;
				CLANG_CXX_LANGUAGE_STANDARD = "gnu++14";
				CLANG_CXX_LIBRARY = "libc++";
				CLANG_ENABLE_MODULES = YES;
				CLANG_ENABLE_OBJC_ARC = YES;
				CLANG_ENABLE_OBJC_WEAK = YES;
				CLANG_WARN_BLOCK_CAPTURE_AUTORELEASING = YES;
				CLANG_WARN_BOOL_CONVERSION = YES;
				CLANG_WARN_COMMA = YES;
				CLANG_WARN_CONSTANT_CONVERSION = YES;
				CLANG_WARN_DEPRECATED_OBJC_IMPLEMENTATIONS = YES;
				CLANG_WARN_DIRECT_OBJC_ISA_USAGE = YES_ERROR;
				CLANG_WARN_DOCUMENTATION_COMMENTS = YES;
				CLANG_WARN_EMPTY_BODY = YES;
				CLANG_WARN_ENUM_CONVERSION = YES;
				CLANG_WARN_INFINITE_RECURSION = YES;
				CLANG_WARN_INT_CONVERSION = YES;
				CLANG_WARN_NON_LITERAL_NULL_CONVERSION = YES;
				CLANG_WARN_OBJC_IMPLICIT_RETAIN_SELF = YES;
				CLANG_WARN_OBJC_LITERAL_CONVERSION = YES;
				CLANG_WARN_OBJC_ROOT_CLASS = YES_ERROR;
				CLANG_WARN_RANGE_LOOP_ANALYSIS = YES;
				CLANG_WARN_STRICT_PROTOTYPES = YES;
				CLANG_WARN_SUSPICIOUS_MOVE = YES;
				CLANG_WARN_UNGUARDED_AVAILABILITY = YES_AGGRESSIVE;
				CLANG_WARN_UNREACHABLE_CODE = YES;
				CLANG_WARN__DUPLICATE_METHOD_MATCH = YES;
				CODE_SIGN_IDENTITY = "-";
				COPY_PHASE_STRIP = NO;
				DEBUG_INFORMATION_FORMAT = dwarf;
				ENABLE_STRICT_OBJC_MSGSEND = YES;
				ENABLE_TESTABILITY = YES;
				GCC_C_LANGUAGE_STANDARD = gnu11;
				GCC_DYNAMIC_NO_PIC = NO;
				GCC_NO_COMMON_BLOCKS = YES;
				GCC_OPTIMIZATION_LEVEL = 0;
				GCC_PREPROCESSOR_DEFINITIONS = (
					"DEBUG=1",
					"$(inherited)",
				);
				GCC_WARN_64_TO_32_BIT_CONVERSION = YES;
				GCC_WARN_ABOUT_RETURN_TYPE = YES_ERROR;
				GCC_WARN_UNDECLARED_SELECTOR = YES;
				GCC_WARN_UNINITIALIZED_AUTOS = YES_AGGRESSIVE;
				GCC_WARN_UNUSED_FUNCTION = YES;
				GCC_WARN_UNUSED_VARIABLE = YES;
				MACOSX_DEPLOYMENT_TARGET = 10.14;
				MTL_ENABLE_DEBUG_INFO = INCLUDE_SOURCE;
				MTL_FAST_MATH = YES;
				ONLY_ACTIVE_ARCH = YES;
				SDKROOT = macosx;
			};
			name = Debug;
		};
		7D07EC562265BD90008D010D /* Release */ = {
			isa = XCBuildConfiguration;
			buildSettings = {
				ALWAYS_SEARCH_USER_PATHS = NO;
				CLANG_ANALYZER_NONNULL = YES;
				CLANG_ANALYZER_NUMBER_OBJECT_CONVERSION = YES_AGGRESSIVE;
				CLANG_CXX_LANGUAGE_STANDARD = "gnu++14";
				CLANG_CXX_LIBRARY = "libc++";
				CLANG_ENABLE_MODULES = YES;
				CLANG_ENABLE_OBJC_ARC = YES;
				CLANG_ENABLE_OBJC_WEAK = YES;
				CLANG_WARN_BLOCK_CAPTURE_AUTORELEASING = YES;
				CLANG_WARN_BOOL_CONVERSION = YES;
				CLANG_WARN_COMMA = YES;
				CLANG_WARN_CONSTANT_CONVERSION = YES;
				CLANG_WARN_DEPRECATED_OBJC_IMPLEMENTATIONS = YES;
				CLANG_WARN_DIRECT_OBJC_ISA_USAGE = YES_ERROR;
				CLANG_WARN_DOCUMENTATION_COMMENTS = YES;
				CLANG_WARN_EMPTY_BODY = YES;
				CLANG_WARN_ENUM_CONVERSION = YES;
				CLANG_WARN_INFINITE_RECURSION = YES;
				CLANG_WARN_INT_CONVERSION = YES;
				CLANG_WARN_NON_LITERAL_NULL_CONVERSION = YES;
				CLANG_WARN_OBJC_IMPLICIT_RETAIN_SELF = YES;
				CLANG_WARN_OBJC_LITERAL_CONVERSION = YES;
				CLANG_WARN_OBJC_ROOT_CLASS = YES_ERROR;
				CLANG_WARN_RANGE_LOOP_ANALYSIS = YES;
				CLANG_WARN_STRICT_PROTOTYPES = YES;
				CLANG_WARN_SUSPICIOUS_MOVE = YES;
				CLANG_WARN_UNGUARDED_AVAILABILITY = YES_AGGRESSIVE;
				CLANG_WARN_UNREACHABLE_CODE = YES;
				CLANG_WARN__DUPLICATE_METHOD_MATCH = YES;
				CODE_SIGN_IDENTITY = "-";
				COPY_PHASE_STRIP = NO;
				DEBUG_INFORMATION_FORMAT = "dwarf-with-dsym";
				ENABLE_NS_ASSERTIONS = NO;
				ENABLE_STRICT_OBJC_MSGSEND = YES;
				GCC_C_LANGUAGE_STANDARD = gnu11;
				GCC_NO_COMMON_BLOCKS = YES;
				GCC_WARN_64_TO_32_BIT_CONVERSION = YES;
				GCC_WARN_ABOUT_RETURN_TYPE = YES_ERROR;
				GCC_WARN_UNDECLARED_SELECTOR = YES;
				GCC_WARN_UNINITIALIZED_AUTOS = YES_AGGRESSIVE;
				GCC_WARN_UNUSED_FUNCTION = YES;
				GCC_WARN_UNUSED_VARIABLE = YES;
				MACOSX_DEPLOYMENT_TARGET = 10.14;
				MTL_ENABLE_DEBUG_INFO = NO;
				MTL_FAST_MATH = YES;
				SDKROOT = macosx;
			};
			name = Release;
		};
		7D07EC582265BD90008D010D /* Debug */ = {
			isa = XCBuildConfiguration;
			buildSettings = {
				CODE_SIGN_STYLE = Automatic;
				PRODUCT_NAME = "$(TARGET_NAME)";
			};
			name = Debug;
		};
		7D07EC592265BD90008D010D /* Release */ = {
			isa = XCBuildConfiguration;
			buildSettings = {
				CODE_SIGN_STYLE = Automatic;
				PRODUCT_NAME = "$(TARGET_NAME)";
			};
			name = Release;
		};
/* End XCBuildConfiguration section */

/* Begin XCConfigurationList section */
		7D07EC4B2265BD90008D010D /* Build configuration list for PBXProject "LeetCode_C" */ = {
			isa = XCConfigurationList;
			buildConfigurations = (
				7D07EC552265BD90008D010D /* Debug */,
				7D07EC562265BD90008D010D /* Release */,
			);
			defaultConfigurationIsVisible = 0;
			defaultConfigurationName = Release;
		};
		7D07EC572265BD90008D010D /* Build configuration list for PBXNativeTarget "LeetCode_C" */ = {
			isa = XCConfigurationList;
			buildConfigurations = (
				7D07EC582265BD90008D010D /* Debug */,
				7D07EC592265BD90008D010D /* Release */,
			);
			defaultConfigurationIsVisible = 0;
			defaultConfigurationName = Release;
		};
/* End XCConfigurationList section */
	};
	rootObject = 7D07EC482265BD90008D010D /* Project object */;
}
